
Microsoft Visual Studio Solution File, Format Version 12.00
# Visual Studio Version 17
VisualStudioVersion = 17.0.32014.148
MinimumVisualStudioVersion = 10.0.40219.1
Project("{FAE04EC0-301F-11D3-BF4B-00C04F79EFBC}") = "DipuAlba.ConversionDGPE", "DipuAlba.ConversionDGPE\DipuAlba.ConversionDGPE.csproj", "{807CC5D1-DC24-41FA-BE96-9CC35949B966}"
EndProject
Global
	GlobalSection(SolutionConfigurationPlatforms) = preSolution
		Debug|Any CPU = Debug|Any CPU
		Release|Any CPU = Release|Any CPU
	EndGlobalSection
	GlobalSection(ProjectConfigurationPlatforms) = postSolution
		{807CC5D1-DC24-41FA-BE96-9CC35949B966}.Debug|Any CPU.ActiveCfg = Debug|Any CPU
		{807CC5D1-DC24-41FA-BE96-9CC35949B966}.Debug|Any CPU.Build.0 = Debug|Any CPU
		{807CC5D1-DC24-41FA-BE96-9CC35949B966}.Release|Any CPU.ActiveCfg = Release|Any CPU
		{807CC5D1-DC24-41FA-BE96-9CC35949B966}.Release|Any CPU.Build.0 = Release|Any CPU
	EndGlobalSection
	GlobalSection(SolutionProperties) = preSolution
		HideSolutionNode = FALSE
	EndGlobalSection
	GlobalSection(ExtensibilityGlobals) = postSolution
		SolutionGuid = {3EC4D9EF-AEDD-4561-BFB6-9AC3E4AD26C8}
	EndGlobalSection
EndGlobal
